
Microsoft Visual Studio Solution File, Format Version 12.00
# Visual Studio Version 16
VisualStudioVersion = 16.0.31702.278
MinimumVisualStudioVersion = 10.0.40219.1
Project("{FAE04EC0-301F-11D3-BF4B-00C04F79EFBC}") = "CJE.API.Business", "CJE.API.Business\CJE.API.Business.csproj", "{35780BD1-F5B4-4748-8EC9-EEDCE4BFA4F8}"
EndProject
Global
	GlobalSection(SolutionConfigurationPlatforms) = preSolution
		Debug|Any CPU = Debug|Any CPU
		Release|Any CPU = Release|Any CPU
	EndGlobalSection
	GlobalSection(ProjectConfigurationPlatforms) = postSolution
		{35780BD1-F5B4-4748-8EC9-EEDCE4BFA4F8}.Debug|Any CPU.ActiveCfg = Debug|Any CPU
		{35780BD1-F5B4-4748-8EC9-EEDCE4BFA4F8}.Debug|Any CPU.Build.0 = Debug|Any CPU
		{35780BD1-F5B4-4748-8EC9-EEDCE4BFA4F8}.Release|Any CPU.ActiveCfg = Release|Any CPU
		{35780BD1-F5B4-4748-8EC9-EEDCE4BFA4F8}.Release|Any CPU.Build.0 = Release|Any CPU
	EndGlobalSection
	GlobalSection(SolutionProperties) = preSolution
		HideSolutionNode = FALSE
	EndGlobalSection
	GlobalSection(ExtensibilityGlobals) = postSolution
		SolutionGuid = {8FF84D61-DEB2-459F-ACA1-7A6708B161B5}
	EndGlobalSection
EndGlobal
